PODS:
  - MGProgressHUD (2.1.9)
  - MJRefresh (3.1.12)
  - RxCocoa (3.6.1):
    - RxSwift (~> 3.6)
  - RxSwift (3.6.1)

DEPENDENCIES:
  - MGProgressHUD
  - MJRefresh
  - RxCocoa
  - RxSwift

SPEC CHECKSUMS:
  MGProgressHUD: a9bdbc7e7df39f691043af39d06fca4838144178
  MJRefresh: b96cdb21c4aa75a7b07654311ab2f315c497e806
  RxCocoa: 84a08739ab186248c7f31ce4ee92d6f8a947d690
  RxSwift: f9de85ea20cd2f7716ee5409fc13523dc638e4e4

PODFILE CHECKSUM: fe96fcbe4a8ee2df769328097012151967c3db04

COCOAPODS: 1.2.1
